
Microsoft Visual Studio Solution File, Format Version 12.00
# Visual Studio Version 17
VisualStudioVersion = 17.7.34031.279
MinimumVisualStudioVersion = 10.0.40219.1
Project("{FAE04EC0-301F-11D3-BF4B-00C04F79EFBC}") = "Лабораторна робота 10", "Лабораторна робота 10\Лабораторна робота 10.csproj", "{EB157907-670D-495A-836F-E1B8D2B41091}"
EndProject
Global
	GlobalSection(SolutionConfigurationPlatforms) = preSolution
		Debug|Any CPU = Debug|Any CPU
		Release|Any CPU = Release|Any CPU
	EndGlobalSection
	GlobalSection(ProjectConfigurationPlatforms) = postSolution
		{EB157907-670D-495A-836F-E1B8D2B41091}.Debug|Any CPU.ActiveCfg = Debug|Any CPU
		{EB157907-670D-495A-836F-E1B8D2B41091}.Debug|Any CPU.Build.0 = Debug|Any CPU
		{EB157907-670D-495A-836F-E1B8D2B41091}.Release|Any CPU.ActiveCfg = Release|Any CPU
		{EB157907-670D-495A-836F-E1B8D2B41091}.Release|Any CPU.Build.0 = Release|Any CPU
	EndGlobalSection
	GlobalSection(SolutionProperties) = preSolution
		HideSolutionNode = FALSE
	EndGlobalSection
	GlobalSection(ExtensibilityGlobals) = postSolution
		SolutionGuid = {3D99B701-3F12-4A91-844D-CAF5D2BA9556}
	EndGlobalSection
EndGlobal
